
Microsoft Visual Studio Solution File, Format Version 12.00
# Visual Studio 15
VisualStudioVersion = 15.0.28010.2046
MinimumVisualStudioVersion = 10.0.40219.1
Project("{FAE04EC0-301F-11D3-BF4B-00C04F79EFBC}") = "ConversionCalculator", "ConversionCalculator\ConversionCalculator.csproj", "{A2BB33A5-07A3-48E5-8359-F45B233DC23D}"
EndProject
Global
	GlobalSection(SolutionConfigurationPlatforms) = preSolution
		Debug|Any CPU = Debug|Any CPU
		Release|Any CPU = Release|Any CPU
	EndGlobalSection
	GlobalSection(ProjectConfigurationPlatforms) = postSolution
		{A2BB33A5-07A3-48E5-8359-F45B233DC23D}.Debug|Any CPU.ActiveCfg = Debug|Any CPU
		{A2BB33A5-07A3-48E5-8359-F45B233DC23D}.Debug|Any CPU.Build.0 = Debug|Any CPU
		{A2BB33A5-07A3-48E5-8359-F45B233DC23D}.Release|Any CPU.ActiveCfg = Release|Any CPU
		{A2BB33A5-07A3-48E5-8359-F45B233DC23D}.Release|Any CPU.Build.0 = Release|Any CPU
	EndGlobalSection
	GlobalSection(SolutionProperties) = preSolution
		HideSolutionNode = FALSE
	EndGlobalSection
	GlobalSection(ExtensibilityGlobals) = postSolution
		SolutionGuid = {DB8C287F-5C19-4D89-9A1D-17EA0CE66BF6}
	EndGlobalSection
EndGlobal
